
Microsoft Visual Studio Solution File, Format Version 12.00
# Visual Studio Version 16
VisualStudioVersion = 16.0.30523.141
MinimumVisualStudioVersion = 10.0.40219.1
Project("{9A19103F-16F7-4668-BE54-9A1E7A4F7556}") = "TacocaTCore", "Test\TacocaTCore.csproj", "{DC6049A6-59E7-4806-8496-009EE8609F24}"
EndProject
Global
	GlobalSection(SolutionConfigurationPlatforms) = preSolution
		Debug|Any CPU = Debug|Any CPU
		Release|Any CPU = Release|Any CPU
	EndGlobalSection
	GlobalSection(ProjectConfigurationPlatforms) = postSolution
		{DC6049A6-59E7-4806-8496-009EE8609F24}.Debug|Any CPU.ActiveCfg = Debug|Any CPU
		{DC6049A6-59E7-4806-8496-009EE8609F24}.Debug|Any CPU.Build.0 = Debug|Any CPU
		{DC6049A6-59E7-4806-8496-009EE8609F24}.Release|Any CPU.ActiveCfg = Release|Any CPU
		{DC6049A6-59E7-4806-8496-009EE8609F24}.Release|Any CPU.Build.0 = Release|Any CPU
	EndGlobalSection
	GlobalSection(SolutionProperties) = preSolution
		HideSolutionNode = FALSE
	EndGlobalSection
	GlobalSection(ExtensibilityGlobals) = postSolution
		SolutionGuid = {E17C790D-797B-46D8-AFF3-599A8F15074D}
	EndGlobalSection
EndGlobal
